
Microsoft Visual Studio Solution File, Format Version 12.00
Project("{FAE04EC0-301F-11D3-BF4B-00C04F79EFBC}") = "WifiCdmx.Domain", "WifiCdmx.Domain\WifiCdmx.Domain.csproj", "{99F09129-836B-4E4C-B1F5-B7AC7E125DF1}"
EndProject
Project("{FAE04EC0-301F-11D3-BF4B-00C04F79EFBC}") = "WifiCdmx.Application", "WifiCdmx.Application\WifiCdmx.Application.csproj", "{A864DED7-699D-4054-9E7C-C01D0849104E}"
EndProject
Project("{FAE04EC0-301F-11D3-BF4B-00C04F79EFBC}") = "WifiCdmx.Infrastructure", "WifiCdmx.Infrastructure\WifiCdmx.Infrastructure.csproj", "{30954CF6-4F43-45E3-99A4-FDFE305B5C7D}"
EndProject
Project("{FAE04EC0-301F-11D3-BF4B-00C04F79EFBC}") = "WifiCdmx.Tests", "WifiCdmx.Tests\WifiCdmx.Tests.csproj", "{7263261C-7ABD-43FD-9454-CCC85877198E}"
EndProject
Project("{FAE04EC0-301F-11D3-BF4B-00C04F79EFBC}") = "WifiCdmx.API", "WifiCdmx.API\WifiCdmx.API.csproj", "{607CF7ED-F177-4472-93A2-E07584B681D7}"
EndProject
Global
	GlobalSection(SolutionConfigurationPlatforms) = preSolution
		Debug|Any CPU = Debug|Any CPU
		Debug|x64 = Debug|x64
		Debug|x86 = Debug|x86
		Release|Any CPU = Release|Any CPU
		Release|x64 = Release|x64
		Release|x86 = Release|x86
	EndGlobalSection
	GlobalSection(ProjectConfigurationPlatforms) = postSolution
		{99F09129-836B-4E4C-B1F5-B7AC7E125DF1}.Debug|Any CPU.ActiveCfg = Debug|Any CPU
		{99F09129-836B-4E4C-B1F5-B7AC7E125DF1}.Debug|Any CPU.Build.0 = Debug|Any CPU
		{99F09129-836B-4E4C-B1F5-B7AC7E125DF1}.Debug|x64.ActiveCfg = Debug|Any CPU
		{99F09129-836B-4E4C-B1F5-B7AC7E125DF1}.Debug|x64.Build.0 = Debug|Any CPU
		{99F09129-836B-4E4C-B1F5-B7AC7E125DF1}.Debug|x86.ActiveCfg = Debug|Any CPU
		{99F09129-836B-4E4C-B1F5-B7AC7E125DF1}.Debug|x86.Build.0 = Debug|Any CPU
		{99F09129-836B-4E4C-B1F5-B7AC7E125DF1}.Release|Any CPU.ActiveCfg = Release|Any CPU
		{99F09129-836B-4E4C-B1F5-B7AC7E125DF1}.Release|Any CPU.Build.0 = Release|Any CPU
		{99F09129-836B-4E4C-B1F5-B7AC7E125DF1}.Release|x64.ActiveCfg = Release|Any CPU
		{99F09129-836B-4E4C-B1F5-B7AC7E125DF1}.Release|x64.Build.0 = Release|Any CPU
		{99F09129-836B-4E4C-B1F5-B7AC7E125DF1}.Release|x86.ActiveCfg = Release|Any CPU
		{99F09129-836B-4E4C-B1F5-B7AC7E125DF1}.Release|x86.Build.0 = Release|Any CPU
		{A864DED7-699D-4054-9E7C-C01D0849104E}.Debug|Any CPU.ActiveCfg = Debug|Any CPU
		{A864DED7-699D-4054-9E7C-C01D0849104E}.Debug|Any CPU.Build.0 = Debug|Any CPU
		{A864DED7-699D-4054-9E7C-C01D0849104E}.Debug|x64.ActiveCfg = Debug|Any CPU
		{A864DED7-699D-4054-9E7C-C01D0849104E}.Debug|x64.Build.0 = Debug|Any CPU
		{A864DED7-699D-4054-9E7C-C01D0849104E}.Debug|x86.ActiveCfg = Debug|Any CPU
		{A864DED7-699D-4054-9E7C-C01D0849104E}.Debug|x86.Build.0 = Debug|Any CPU
		{A864DED7-699D-4054-9E7C-C01D0849104E}.Release|Any CPU.ActiveCfg = Release|Any CPU
		{A864DED7-699D-4054-9E7C-C01D0849104E}.Release|Any CPU.Build.0 = Release|Any CPU
		{A864DED7-699D-4054-9E7C-C01D0849104E}.Release|x64.ActiveCfg = Release|Any CPU
		{A864DED7-699D-4054-9E7C-C01D0849104E}.Release|x64.Build.0 = Release|Any CPU
		{A864DED7-699D-4054-9E7C-C01D0849104E}.Release|x86.ActiveCfg = Release|Any CPU
		{A864DED7-699D-4054-9E7C-C01D0849104E}.Release|x86.Build.0 = Release|Any CPU
		{30954CF6-4F43-45E3-99A4-FDFE305B5C7D}.Debug|Any CPU.ActiveCfg = Debug|Any CPU
		{30954CF6-4F43-45E3-99A4-FDFE305B5C7D}.Debug|Any CPU.Build.0 = Debug|Any CPU
		{30954CF6-4F43-45E3-99A4-FDFE305B5C7D}.Debug|x64.ActiveCfg = Debug|Any CPU
		{30954CF6-4F43-45E3-99A4-FDFE305B5C7D}.Debug|x64.Build.0 = Debug|Any CPU
		{30954CF6-4F43-45E3-99A4-FDFE305B5C7D}.Debug|x86.ActiveCfg = Debug|Any CPU
		{30954CF6-4F43-45E3-99A4-FDFE305B5C7D}.Debug|x86.Build.0 = Debug|Any CPU
		{30954CF6-4F43-45E3-99A4-FDFE305B5C7D}.Release|Any CPU.ActiveCfg = Release|Any CPU
		{30954CF6-4F43-45E3-99A4-FDFE305B5C7D}.Release|Any CPU.Build.0 = Release|Any CPU
		{30954CF6-4F43-45E3-99A4-FDFE305B5C7D}.Release|x64.ActiveCfg = Release|Any CPU
		{30954CF6-4F43-45E3-99A4-FDFE305B5C7D}.Release|x64.Build.0 = Release|Any CPU
		{30954CF6-4F43-45E3-99A4-FDFE305B5C7D}.Release|x86.ActiveCfg = Release|Any CPU
		{30954CF6-4F43-45E3-99A4-FDFE305B5C7D}.Release|x86.Build.0 = Release|Any CPU
		{7263261C-7ABD-43FD-9454-CCC85877198E}.Debug|Any CPU.ActiveCfg = Debug|Any CPU
		{7263261C-7ABD-43FD-9454-CCC85877198E}.Debug|Any CPU.Build.0 = Debug|Any CPU
		{7263261C-7ABD-43FD-9454-CCC85877198E}.Debug|x64.ActiveCfg = Debug|Any CPU
		{7263261C-7ABD-43FD-9454-CCC85877198E}.Debug|x64.Build.0 = Debug|Any CPU
		{7263261C-7ABD-43FD-9454-CCC85877198E}.Debug|x86.ActiveCfg = Debug|Any CPU
		{7263261C-7ABD-43FD-9454-CCC85877198E}.Debug|x86.Build.0 = Debug|Any CPU
		{7263261C-7ABD-43FD-9454-CCC85877198E}.Release|Any CPU.ActiveCfg = Release|Any CPU
		{7263261C-7ABD-43FD-9454-CCC85877198E}.Release|Any CPU.Build.0 = Release|Any CPU
		{7263261C-7ABD-43FD-9454-CCC85877198E}.Release|x64.ActiveCfg = Release|Any CPU
		{7263261C-7ABD-43FD-9454-CCC85877198E}.Release|x64.Build.0 = Release|Any CPU
		{7263261C-7ABD-43FD-9454-CCC85877198E}.Release|x86.ActiveCfg = Release|Any CPU
		{7263261C-7ABD-43FD-9454-CCC85877198E}.Release|x86.Build.0 = Release|Any CPU
		{607CF7ED-F177-4472-93A2-E07584B681D7}.Debug|Any CPU.ActiveCfg = Debug|Any CPU
		{607CF7ED-F177-4472-93A2-E07584B681D7}.Debug|Any CPU.Build.0 = Debug|Any CPU
		{607CF7ED-F177-4472-93A2-E07584B681D7}.Debug|x64.ActiveCfg = Debug|Any CPU
		{607CF7ED-F177-4472-93A2-E07584B681D7}.Debug|x64.Build.0 = Debug|Any CPU
		{607CF7ED-F177-4472-93A2-E07584B681D7}.Debug|x86.ActiveCfg = Debug|Any CPU
		{607CF7ED-F177-4472-93A2-E07584B681D7}.Debug|x86.Build.0 = Debug|Any CPU
		{607CF7ED-F177-4472-93A2-E07584B681D7}.Release|Any CPU.ActiveCfg = Release|Any CPU
		{607CF7ED-F177-4472-93A2-E07584B681D7}.Release|Any CPU.Build.0 = Release|Any CPU
		{607CF7ED-F177-4472-93A2-E07584B681D7}.Release|x64.ActiveCfg = Release|Any CPU
		{607CF7ED-F177-4472-93A2-E07584B681D7}.Release|x64.Build.0 = Release|Any CPU
		{607CF7ED-F177-4472-93A2-E07584B681D7}.Release|x86.ActiveCfg = Release|Any CPU
		{607CF7ED-F177-4472-93A2-E07584B681D7}.Release|x86.Build.0 = Release|Any CPU
	EndGlobalSection
	GlobalSection(SolutionProperties) = preSolution
		HideSolutionNode = FALSE
	EndGlobalSection
EndGlobal
